
Microsoft Visual Studio Solution File, Format Version 12.00
# Visual Studio Version 17
VisualStudioVersion = 17.11.35303.130
MinimumVisualStudioVersion = 10.0.40219.1
Project("{FAE04EC0-301F-11D3-BF4B-00C04F79EFBC}") = "Gowsalya_Assignment", "Gowsalya_Assignment\Gowsalya_Assignment.csproj", "{CEE7A319-7507-4BF0-BAC7-40ACBB9E17F2}"
EndProject
Global
	GlobalSection(SolutionConfigurationPlatforms) = preSolution
		Debug|Any CPU = Debug|Any CPU
		Release|Any CPU = Release|Any CPU
	EndGlobalSection
	GlobalSection(ProjectConfigurationPlatforms) = postSolution
		{CEE7A319-7507-4BF0-BAC7-40ACBB9E17F2}.Debug|Any CPU.ActiveCfg = Debug|Any CPU
		{CEE7A319-7507-4BF0-BAC7-40ACBB9E17F2}.Debug|Any CPU.Build.0 = Debug|Any CPU
		{CEE7A319-7507-4BF0-BAC7-40ACBB9E17F2}.Release|Any CPU.ActiveCfg = Release|Any CPU
		{CEE7A319-7507-4BF0-BAC7-40ACBB9E17F2}.Release|Any CPU.Build.0 = Release|Any CPU
	EndGlobalSection
	GlobalSection(SolutionProperties) = preSolution
		HideSolutionNode = FALSE
	EndGlobalSection
	GlobalSection(ExtensibilityGlobals) = postSolution
		SolutionGuid = {7B5FB598-88A2-48CF-8F62-1E5B418D40A8}
	EndGlobalSection
EndGlobal
